
Microsoft Visual Studio Solution File, Format Version 12.00
# Visual Studio 15
VisualStudioVersion = 15.0.27130.2026
MinimumVisualStudioVersion = 10.0.40219.1
Project("{FAE04EC0-301F-11D3-BF4B-00C04F79EFBC}") = "Menut3", "Menut3\Menut3.csproj", "{11BE46BA-1B48-4278-B1FB-5BAC154F819A}"
EndProject
Global
	GlobalSection(SolutionConfigurationPlatforms) = preSolution
		Debug|Any CPU = Debug|Any CPU
		Release|Any CPU = Release|Any CPU
	EndGlobalSection
	GlobalSection(ProjectConfigurationPlatforms) = postSolution
		{11BE46BA-1B48-4278-B1FB-5BAC154F819A}.Debug|Any CPU.ActiveCfg = Debug|Any CPU
		{11BE46BA-1B48-4278-B1FB-5BAC154F819A}.Debug|Any CPU.Build.0 = Debug|Any CPU
		{11BE46BA-1B48-4278-B1FB-5BAC154F819A}.Release|Any CPU.ActiveCfg = Release|Any CPU
		{11BE46BA-1B48-4278-B1FB-5BAC154F819A}.Release|Any CPU.Build.0 = Release|Any CPU
	EndGlobalSection
	GlobalSection(SolutionProperties) = preSolution
		HideSolutionNode = FALSE
	EndGlobalSection
	GlobalSection(ExtensibilityGlobals) = postSolution
		SolutionGuid = {0E503C99-0BC9-4F4D-B138-D95967E5AE4F}
	EndGlobalSection
EndGlobal
