
Microsoft Visual Studio Solution File, Format Version 12.00
# Visual Studio 15
VisualStudioVersion = 15.0.27130.2026
MinimumVisualStudioVersion = 10.0.40219.1
Project("{FAE04EC0-301F-11D3-BF4B-00C04F79EFBC}") = "Harj", "Harj\Harj.csproj", "{FC617156-FC17-4A46-8ECB-90060D92CA2D}"
EndProject
Project("{FAE04EC0-301F-11D3-BF4B-00C04F79EFBC}") = "Testsit", "Testsit\Testsit.csproj", "{A77BAF4A-B4D7-44F1-A496-4CC0E6ED1FF6}"
EndProject
Global
	GlobalSection(SolutionConfigurationPlatforms) = preSolution
		Debug|Any CPU = Debug|Any CPU
		Release|Any CPU = Release|Any CPU
	EndGlobalSection
	GlobalSection(ProjectConfigurationPlatforms) = postSolution
		{FC617156-FC17-4A46-8ECB-90060D92CA2D}.Debug|Any CPU.ActiveCfg = Debug|Any CPU
		{FC617156-FC17-4A46-8ECB-90060D92CA2D}.Debug|Any CPU.Build.0 = Debug|Any CPU
		{FC617156-FC17-4A46-8ECB-90060D92CA2D}.Release|Any CPU.ActiveCfg = Release|Any CPU
		{FC617156-FC17-4A46-8ECB-90060D92CA2D}.Release|Any CPU.Build.0 = Release|Any CPU
		{A77BAF4A-B4D7-44F1-A496-4CC0E6ED1FF6}.Debug|Any CPU.ActiveCfg = Debug|Any CPU
		{A77BAF4A-B4D7-44F1-A496-4CC0E6ED1FF6}.Debug|Any CPU.Build.0 = Debug|Any CPU
		{A77BAF4A-B4D7-44F1-A496-4CC0E6ED1FF6}.Release|Any CPU.ActiveCfg = Release|Any CPU
		{A77BAF4A-B4D7-44F1-A496-4CC0E6ED1FF6}.Release|Any CPU.Build.0 = Release|Any CPU
	EndGlobalSection
	GlobalSection(SolutionProperties) = preSolution
		HideSolutionNode = FALSE
	EndGlobalSection
	GlobalSection(ExtensibilityGlobals) = postSolution
		SolutionGuid = {C905D9E5-F272-47E4-943E-B12ADA51C1DA}
	EndGlobalSection
EndGlobal
